
Microsoft Visual Studio Solution File, Format Version 12.00
# Visual Studio 15
VisualStudioVersion = 15.0.26730.16
MinimumVisualStudioVersion = 10.0.40219.1
Project("{8BC9CEB8-8B4A-11D0-8D11-00A0C91BC942}") = "Tool3D", "Tool3D\Tool3D.vcxproj", "{36E17588-1311-4112-BFF4-D0824DDAE72B}"
EndProject
Global
	GlobalSection(SolutionConfigurationPlatforms) = preSolution
		Debug|x64 = Debug|x64
		Debug|x86 = Debug|x86
		Release|x64 = Release|x64
		Release|x86 = Release|x86
	EndGlobalSection
	GlobalSection(ProjectConfigurationPlatforms) = postSolution
		{36E17588-1311-4112-BFF4-D0824DDAE72B}.Debug|x64.ActiveCfg = Debug|x64
		{36E17588-1311-4112-BFF4-D0824DDAE72B}.Debug|x64.Build.0 = Debug|x64
		{36E17588-1311-4112-BFF4-D0824DDAE72B}.Debug|x86.ActiveCfg = Debug|Win32
		{36E17588-1311-4112-BFF4-D0824DDAE72B}.Debug|x86.Build.0 = Debug|Win32
		{36E17588-1311-4112-BFF4-D0824DDAE72B}.Release|x64.ActiveCfg = Release|x64
		{36E17588-1311-4112-BFF4-D0824DDAE72B}.Release|x64.Build.0 = Release|x64
		{36E17588-1311-4112-BFF4-D0824DDAE72B}.Release|x86.ActiveCfg = Release|Win32
		{36E17588-1311-4112-BFF4-D0824DDAE72B}.Release|x86.Build.0 = Release|Win32
	EndGlobalSection
	GlobalSection(SolutionProperties) = preSolution
		HideSolutionNode = FALSE
	EndGlobalSection
	GlobalSection(ExtensibilityGlobals) = postSolution
		SolutionGuid = {CA936E81-F7DB-47CE-91F7-DBA9BE4B6E92}
	EndGlobalSection
EndGlobal
